// !$*UTF8*$!
{
	archiveVersion = 1;
	classes = {
	};
	objectVersion = 50;
	objects = {

/* Begin PBXBuildFile section */
		75925ED525DAB45F007729DA /* AppDelegate.swift in Sources */ = {isa = PBXBuildFile; fileRef = 75925ED425DAB45F007729DA /* AppDelegate.swift */; };
		75925ED725DAB45F007729DA /* SceneDelegate.swift in Sources */ = {isa = PBXBuildFile; fileRef = 75925ED625DAB45F007729DA /* SceneDelegate.swift */; };
		75925ED925DAB45F007729DA /* ViewController.swift in Sources */ = {isa = PBXBuildFile; fileRef = 75925ED825DAB45F007729DA /* ViewController.swift */; };
		75925EDC25DAB45F007729DA /* Main.storyboard in Resources */ = {isa = PBXBuildFile; fileRef = 75925EDA25DAB45F007729DA /* Main.storyboard */; };
		75925EDE25DAB462007729DA /* Assets.xcassets in Resources */ = {isa = PBXBuildFile; fileRef = 75925EDD25DAB462007729DA /* Assets.xcassets */; };
		75925EE125DAB462007729DA /* LaunchScreen.storyboard in Resources */ = {isa = PBXBuildFile; fileRef = 75925EDF25DAB462007729DA /* LaunchScreen.storyboard */; };
		75925F0C25DAB7E2007729DA /* ThirstySoftRegular.otf in Resources */ = {isa = PBXBuildFile; fileRef = 75925F0B25DAB7E2007729DA /* ThirstySoftRegular.otf */; };
		75925F0F25DAB7E8007729DA /* Delm-Medium.otf in Resources */ = {isa = PBXBuildFile; fileRef = 75925F0E25DAB7E7007729DA /* Delm-Medium.otf */; };
		75AEBF1025DE7E2B00709376 /* Layout.swift in Sources */ = {isa = PBXBuildFile; fileRef = 75AEBF0F25DE7E2B00709376 /* Layout.swift */; };
		75AEBF1325DE7EDF00709376 /* UIActivityController.swift in Sources */ = {isa = PBXBuildFile; fileRef = 75AEBF1225DE7EDF00709376 /* UIActivityController.swift */; };
/* End PBXBuildFile section */

/* Begin PBXFileReference section */
		75925ED125DAB45F007729DA /* Instagrid.app */ = {isa = PBXFileReference; explicitFileType = wrapper.application; includeInIndex = 0; path = Instagrid.app; sourceTree = BUILT_PRODUCTS_DIR; };
		75925ED425DAB45F007729DA /* AppDelegate.swift */ = {isa = PBXFileReference; lastKnownFileType = sourcecode.swift; path = AppDelegate.swift; sourceTree = "<group>"; };
		75925ED625DAB45F007729DA /* SceneDelegate.swift */ = {isa = PBXFileReference; lastKnownFileType = sourcecode.swift; path = SceneDelegate.swift; sourceTree = "<group>"; };
		75925ED825DAB45F007729DA /* ViewController.swift */ = {isa = PBXFileReference; lastKnownFileType = sourcecode.swift; path = ViewController.swift; sourceTree = "<group>"; };
		75925EDB25DAB45F007729DA /* Base */ = {isa = PBXFileReference; lastKnownFileType = file.storyboard; name = Base; path = Base.lproj/Main.storyboard; sourceTree = "<group>"; };
		75925EDD25DAB462007729DA /* Assets.xcassets */ = {isa = PBXFileReference; lastKnownFileType = folder.assetcatalog; path = Assets.xcassets; sourceTree = "<group>"; };
		75925EE025DAB462007729DA /* Base */ = {isa = PBXFileReference; lastKnownFileType = file.storyboard; name = Base; path = Base.lproj/LaunchScreen.storyboard; sourceTree = "<group>"; };
		75925EE225DAB462007729DA /* Info.plist */ = {isa = PBXFileReference; lastKnownFileType = text.plist.xml; path = Info.plist; sourceTree = "<group>"; };
		75925F0B25DAB7E2007729DA /* ThirstySoftRegular.otf */ = {isa = PBXFileReference; lastKnownFileType = file; path = ThirstySoftRegular.otf; sourceTree = "<group>"; };
		75925F0E25DAB7E7007729DA /* Delm-Medium.otf */ = {isa = PBXFileReference; lastKnownFileType = file; path = "Delm-Medium.otf"; sourceTree = "<group>"; };
		75AEBF0F25DE7E2B00709376 /* Layout.swift */ = {isa = PBXFileReference; lastKnownFileType = sourcecode.swift; path = Layout.swift; sourceTree = "<group>"; };
		75AEBF1225DE7EDF00709376 /* UIActivityController.swift */ = {isa = PBXFileReference; lastKnownFileType = sourcecode.swift; path = UIActivityController.swift; sourceTree = "<group>"; };
/* End PBXFileReference section */

/* Begin PBXFrameworksBuildPhase section */
		75925ECE25DAB45F007729DA /* Frameworks */ = {
			isa = PBXFrameworksBuildPhase;
			buildActionMask = 2147483647;
			files = (
			);
			runOnlyForDeploymentPostprocessing = 0;
		};
/* End PBXFrameworksBuildPhase section */

/* Begin PBXGroup section */
		75925EC825DAB45F007729DA = {
			isa = PBXGroup;
			children = (
				75925ED325DAB45F007729DA /* Instagrid */,
				75925ED225DAB45F007729DA /* Products */,
			);
			sourceTree = "<group>";
		};
		75925ED225DAB45F007729DA /* Products */ = {
			isa = PBXGroup;
			children = (
				75925ED125DAB45F007729DA /* Instagrid.app */,
			);
			name = Products;
			sourceTree = "<group>";
		};
		75925ED325DAB45F007729DA /* Instagrid */ = {
			isa = PBXGroup;
			children = (
				75AEBF0D25DE6FFD00709376 /* Supporting Files */,
				75AEBF0B25DE6F9600709376 /* Model */,
				75AEBF0A25DE6F8B00709376 /* View */,
				75AEBF0925DE6F8100709376 /* Controller */,
			);
			path = Instagrid;
			sourceTree = "<group>";
		};
		75AEBF0925DE6F8100709376 /* Controller */ = {
			isa = PBXGroup;
			children = (
				75925ED825DAB45F007729DA /* ViewController.swift */,
				75AEBF1225DE7EDF00709376 /* UIActivityController.swift */,
			);
			path = Controller;
			sourceTree = "<group>";
		};
		75AEBF0A25DE6F8B00709376 /* View */ = {
			isa = PBXGroup;
			children = (
				75925EDA25DAB45F007729DA /* Main.storyboard */,
			);
			path = View;
			sourceTree = "<group>";
		};
		75AEBF0B25DE6F9600709376 /* Model */ = {
			isa = PBXGroup;
			children = (
				75AEBF0F25DE7E2B00709376 /* Layout.swift */,
			);
			path = Model;
			sourceTree = "<group>";
		};
		75AEBF0D25DE6FFD00709376 /* Supporting Files */ = {
			isa = PBXGroup;
			children = (
				75925ED425DAB45F007729DA /* AppDelegate.swift */,
				75925ED625DAB45F007729DA /* SceneDelegate.swift */,
				75925F0B25DAB7E2007729DA /* ThirstySoftRegular.otf */,
				75925F0E25DAB7E7007729DA /* Delm-Medium.otf */,
				75925EDD25DAB462007729DA /* Assets.xcassets */,
				75925EDF25DAB462007729DA /* LaunchScreen.storyboard */,
				75925EE225DAB462007729DA /* Info.plist */,
			);
			path = "Supporting Files";
			sourceTree = "<group>";
		};
/* End PBXGroup section */

/* Begin PBXNativeTarget section */
		75925ED025DAB45F007729DA /* Instagrid */ = {
			isa = PBXNativeTarget;
			buildConfigurationList = 75925EE525DAB462007729DA /* Build configuration list for PBXNativeTarget "Instagrid" */;
			buildPhases = (
				75925ECD25DAB45F007729DA /* Sources */,
				75925ECE25DAB45F007729DA /* Frameworks */,
				75925ECF25DAB45F007729DA /* Resources */,
			);
			buildRules = (
			);
			dependencies = (
			);
			name = Instagrid;
			productName = Instagrid;
			productReference = 75925ED125DAB45F007729DA /* Instagrid.app */;
			productType = "com.apple.product-type.application";
		};
/* End PBXNativeTarget section */

/* Begin PBXProject section */
		75925EC925DAB45F007729DA /* Project object */ = {
			isa = PBXProject;
			attributes = {
				LastSwiftUpdateCheck = 1230;
				LastUpgradeCheck = 1230;
				TargetAttributes = {
					75925ED025DAB45F007729DA = {
						CreatedOnToolsVersion = 12.3;
					};
				};
			};
			buildConfigurationList = 75925ECC25DAB45F007729DA /* Build configuration list for PBXProject "Instagrid" */;
			compatibilityVersion = "Xcode 9.3";
			developmentRegion = en;
			hasScannedForEncodings = 0;
			knownRegions = (
				en,
				Base,
			);
			mainGroup = 75925EC825DAB45F007729DA;
			productRefGroup = 75925ED225DAB45F007729DA /* Products */;
			projectDirPath = "";
			projectRoot = "";
			targets = (
				75925ED025DAB45F007729DA /* Instagrid */,
			);
		};
/* End PBXProject section */

/* Begin PBXResourcesBuildPhase section */
		75925ECF25DAB45F007729DA /* Resources */ = {
			isa = PBXResourcesBuildPhase;
			buildActionMask = 2147483647;
			files = (
				75925EE125DAB462007729DA /* LaunchScreen.storyboard in Resources */,
				75925F0F25DAB7E8007729DA /* Delm-Medium.otf in Resources */,
				75925EDE25DAB462007729DA /* Assets.xcassets in Resources */,
				75925F0C25DAB7E2007729DA /* ThirstySoftRegular.otf in Resources */,
				75925EDC25DAB45F007729DA /* Main.storyboard in Resources */,
			);
			runOnlyForDeploymentPostprocessing = 0;
		};
/* End PBXResourcesBuildPhase section */

/* Begin PBXSourcesBuildPhase section */
		75925ECD25DAB45F007729DA /* Sources */ = {
			isa = PBXSourcesBuildPhase;
			buildActionMask = 2147483647;
			files = (
				75925ED925DAB45F007729DA /* ViewController.swift in Sources */,
				75AEBF1025DE7E2B00709376 /* Layout.swift in Sources */,
				75AEBF1325DE7EDF00709376 /* UIActivityController.swift in Sources */,
				75925ED525DAB45F007729DA /* AppDelegate.swift in Sources */,
				75925ED725DAB45F007729DA /* SceneDelegate.swift in Sources */,
			);
			runOnlyForDeploymentPostprocessing = 0;
		};
/* End PBXSourcesBuildPhase section */

/* Begin PBXVariantGroup section */
		75925EDA25DAB45F007729DA /* Main.storyboard */ = {
			isa = PBXVariantGroup;
			children = (
				75925EDB25DAB45F007729DA /* Base */,
			);
			name = Main.storyboard;
			sourceTree = "<group>";
		};
		75925EDF25DAB462007729DA /* LaunchScreen.storyboard */ = {
			isa = PBXVariantGroup;
			children = (
				75925EE025DAB462007729DA /* Base */,
			);
			name = LaunchScreen.storyboard;
			sourceTree = "<group>";
		};
/* End PBXVariantGroup section */

/* Begin XCBuildConfiguration section */
		75925EE325DAB462007729DA /* Debug */ = {
			isa = XCBuildConfiguration;
			buildSettings = {
				ALWAYS_SEARCH_USER_PATHS = NO;
				CLANG_ANALYZER_NONNULL = YES;
				CLANG_ANALYZER_NUMBER_OBJECT_CONVERSION = YES_AGGRESSIVE;
				CLANG_CXX_LANGUAGE_STANDARD = "gnu++14";
				CLANG_CXX_LIBRARY = "libc++";
				CLANG_ENABLE_MODULES = YES;
				CLANG_ENABLE_OBJC_ARC = YES;
				CLANG_ENABLE_OBJC_WEAK = YES;
				CLANG_WARN_BLOCK_CAPTURE_AUTORELEASING = YES;
				CLANG_WARN_BOOL_CONVERSION = YES;
				CLANG_WARN_COMMA = YES;
				CLANG_WARN_CONSTANT_CONVERSION = YES;
				CLANG_WARN_DEPRECATED_OBJC_IMPLEMENTATIONS = YES;
				CLANG_WARN_DIRECT_OBJC_ISA_USAGE = YES_ERROR;
				CLANG_WARN_DOCUMENTATION_COMMENTS = YES;
				CLANG_WARN_EMPTY_BODY = YES;
				CLANG_WARN_ENUM_CONVERSION = YES;
				CLANG_WARN_INFINITE_RECURSION = YES;
				CLANG_WARN_INT_CONVERSION = YES;
				CLANG_WARN_NON_LITERAL_NULL_CONVERSION = YES;
				CLANG_WARN_OBJC_IMPLICIT_RETAIN_SELF = YES;
				CLANG_WARN_OBJC_LITERAL_CONVERSION = YES;
				CLANG_WARN_OBJC_ROOT_CLASS = YES_ERROR;
				CLANG_WARN_QUOTED_INCLUDE_IN_FRAMEWORK_HEADER = YES;
				CLANG_WARN_RANGE_LOOP_ANALYSIS = YES;
				CLANG_WARN_STRICT_PROTOTYPES = YES;
				CLANG_WARN_SUSPICIOUS_MOVE = YES;
				CLANG_WARN_UNGUARDED_AVAILABILITY = YES_AGGRESSIVE;
				CLANG_WARN_UNREACHABLE_CODE = YES;
				CLANG_WARN__DUPLICATE_METHOD_MATCH = YES;
				COPY_PHASE_STRIP = NO;
				DEBUG_INFORMATION_FORMAT = dwarf;
				ENABLE_STRICT_OBJC_MSGSEND = YES;
				ENABLE_TESTABILITY = YES;
				GCC_C_LANGUAGE_STANDARD = gnu11;
				GCC_DYNAMIC_NO_PIC = NO;
				GCC_NO_COMMON_BLOCKS = YES;
				GCC_OPTIMIZATION_LEVEL = 0;
				GCC_PREPROCESSOR_DEFINITIONS = (
					"DEBUG=1",
					"$(inherited)",
				);
				GCC_WARN_64_TO_32_BIT_CONVERSION = YES;
				GCC_WARN_ABOUT_RETURN_TYPE = YES_ERROR;
				GCC_WARN_UNDECLARED_SELECTOR = YES;
				GCC_WARN_UNINITIALIZED_AUTOS = YES_AGGRESSIVE;
				GCC_WARN_UNUSED_FUNCTION = YES;
				GCC_WARN_UNUSED_VARIABLE = YES;
				IPHONEOS_DEPLOYMENT_TARGET = 14.3;
				MTL_ENABLE_DEBUG_INFO = INCLUDE_SOURCE;
				MTL_FAST_MATH = YES;
				ONLY_ACTIVE_ARCH = YES;
				SDKROOT = iphoneos;
				SWIFT_ACTIVE_COMPILATION_CONDITIONS = DEBUG;
				SWIFT_OPTIMIZATION_LEVEL = "-Onone";
			};
			name = Debug;
		};
		75925EE425DAB462007729DA /* Release */ = {
			isa = XCBuildConfiguration;
			buildSettings = {
				ALWAYS_SEARCH_USER_PATHS = NO;
				CLANG_ANALYZER_NONNULL = YES;
				CLANG_ANALYZER_NUMBER_OBJECT_CONVERSION = YES_AGGRESSIVE;
				CLANG_CXX_LANGUAGE_STANDARD = "gnu++14";
				CLANG_CXX_LIBRARY = "libc++";
				CLANG_ENABLE_MODULES = YES;
				CLANG_ENABLE_OBJC_ARC = YES;
				CLANG_ENABLE_OBJC_WEAK = YES;
				CLANG_WARN_BLOCK_CAPTURE_AUTORELEASING = YES;
				CLANG_WARN_BOOL_CONVERSION = YES;
				CLANG_WARN_COMMA = YES;
				CLANG_WARN_CONSTANT_CONVERSION = YES;
				CLANG_WARN_DEPRECATED_OBJC_IMPLEMENTATIONS = YES;
				CLANG_WARN_DIRECT_OBJC_ISA_USAGE = YES_ERROR;
				CLANG_WARN_DOCUMENTATION_COMMENTS = YES;
				CLANG_WARN_EMPTY_BODY = YES;
				CLANG_WARN_ENUM_CONVERSION = YES;
				CLANG_WARN_INFINITE_RECURSION = YES;
				CLANG_WARN_INT_CONVERSION = YES;
				CLANG_WARN_NON_LITERAL_NULL_CONVERSION = YES;
				CLANG_WARN_OBJC_IMPLICIT_RETAIN_SELF = YES;
				CLANG_WARN_OBJC_LITERAL_CONVERSION = YES;
				CLANG_WARN_OBJC_ROOT_CLASS = YES_ERROR;
				CLANG_WARN_QUOTED_INCLUDE_IN_FRAMEWORK_HEADER = YES;
				CLANG_WARN_RANGE_LOOP_ANALYSIS = YES;
				CLANG_WARN_STRICT_PROTOTYPES = YES;
				CLANG_WARN_SUSPICIOUS_MOVE = YES;
				CLANG_WARN_UNGUARDED_AVAILABILITY = YES_AGGRESSIVE;
				CLANG_WARN_UNREACHABLE_CODE = YES;
				CLANG_WARN__DUPLICATE_METHOD_MATCH = YES;
				COPY_PHASE_STRIP = NO;
				DEBUG_INFORMATION_FORMAT = "dwarf-with-dsym";
				ENABLE_NS_ASSERTIONS = NO;
				ENABLE_STRICT_OBJC_MSGSEND = YES;
				GCC_C_LANGUAGE_STANDARD = gnu11;
				GCC_NO_COMMON_BLOCKS = YES;
				GCC_WARN_64_TO_32_BIT_CONVERSION = YES;
				GCC_WARN_ABOUT_RETURN_TYPE = YES_ERROR;
				GCC_WARN_UNDECLARED_SELECTOR = YES;
				GCC_WARN_UNINITIALIZED_AUTOS = YES_AGGRESSIVE;
				GCC_WARN_UNUSED_FUNCTION = YES;
				GCC_WARN_UNUSED_VARIABLE = YES;
				IPHONEOS_DEPLOYMENT_TARGET = 14.3;
				MTL_ENABLE_DEBUG_INFO = NO;
				MTL_FAST_MATH = YES;
				SDKROOT = iphoneos;
				SWIFT_COMPILATION_MODE = wholemodule;
				SWIFT_OPTIMIZATION_LEVEL = "-O";
				VALIDATE_PRODUCT = YES;
			};
			name = Release;
		};
		75925EE625DAB462007729DA /* Debug */ = {
			isa = XCBuildConfiguration;
			buildSettings = {
				ASSETCATALOG_COMPILER_APPICON_NAME = AppIcon;
				ASSETCATALOG_COMPILER_GLOBAL_ACCENT_COLOR_NAME = AccentColor;
				CODE_SIGN_STYLE = Automatic;
				DEVELOPMENT_TEAM = V8M85YCYBZ;
				INFOPLIST_FILE = Instagrid/Info.plist;
				LD_RUNPATH_SEARCH_PATHS = (
					"$(inherited)",
					"@executable_path/Frameworks",
				);
				PRODUCT_BUNDLE_IDENTIFIER = fr.farid.benjomaa;
				PRODUCT_NAME = "$(TARGET_NAME)";
				SWIFT_VERSION = 5.0;
				TARGETED_DEVICE_FAMILY = "1,2";
			};
			name = Debug;
		};
		75925EE725DAB462007729DA /* Release */ = {
			isa = XCBuildConfiguration;
			buildSettings = {
				ASSETCATALOG_COMPILER_APPICON_NAME = AppIcon;
				ASSETCATALOG_COMPILER_GLOBAL_ACCENT_COLOR_NAME = AccentColor;
				CODE_SIGN_STYLE = Automatic;
				DEVELOPMENT_TEAM = V8M85YCYBZ;
				INFOPLIST_FILE = Instagrid/Info.plist;
				LD_RUNPATH_SEARCH_PATHS = (
					"$(inherited)",
					"@executable_path/Frameworks",
				);
				PRODUCT_BUNDLE_IDENTIFIER = fr.farid.benjomaa;
				PRODUCT_NAME = "$(TARGET_NAME)";
				SWIFT_VERSION = 5.0;
				TARGETED_DEVICE_FAMILY = "1,2";
			};
			name = Release;
		};
/* End XCBuildConfiguration section */

/* Begin XCConfigurationList section */
		75925ECC25DAB45F007729DA /* Build configuration list for PBXProject "Instagrid" */ = {
			isa = XCConfigurationList;
			buildConfigurations = (
				75925EE325DAB462007729DA /* Debug */,
				75925EE425DAB462007729DA /* Release */,
			);
			defaultConfigurationIsVisible = 0;
			defaultConfigurationName = Release;
		};
		75925EE525DAB462007729DA /* Build configuration list for PBXNativeTarget "Instagrid" */ = {
			isa = XCConfigurationList;
			buildConfigurations = (
				75925EE625DAB462007729DA /* Debug */,
				75925EE725DAB462007729DA /* Release */,
			);
			defaultConfigurationIsVisible = 0;
			defaultConfigurationName = Release;
		};
/* End XCConfigurationList section */
	};
	rootObject = 75925EC925DAB45F007729DA /* Project object */;
}
